{
  "name": "twitch-chat-logger",
  "version": "1.0.1",
  "description": "Logs the Twitch Chat to a .txt file.",
  "main": "app.js",
  "scripts": {
    "start": "node app.js"
  },
  "repository": {
    "type": "git",
    "url": "git+https://github.com/thespark-dev/twitch-chat-logger.git"
  },
  "author": "theSpark",
  "bugs": {
    "url": "https://github.com/thespark-dev/twitch-chat-logger/issues"
  },
  "homepage": "https://github.com/thespark-dev/twitch-chat-logger#readme",
  "dependencies": {
    "tmi.js": "^1.4.2",
    "twitch-helix": "^1.0.7"
  }
}
